{
  "lockfileVersion": 1,
  "workspaces": {
    "": {
      "name": "trpc-examples",
      "dependencies": {
        "@tanstack/react-query": "5.66.9",
        "@trpc/client": "next",
        "@trpc/react-query": "next",
        "@trpc/server": "next",
        "@trpc/tanstack-react-query": "next",
        "@types/react": "^19.0.10",
        "@types/react-dom": "^19.0.4",
        "bun-types": "canary",
        "react": "^19.0.0",
        "react-dom": "^19.0.0",
        "typescript": "^5.7.3",
      },
    },
  },
  "packages": {
    "@tanstack/query-core": ["@tanstack/query-core@5.66.4", "", {}, "sha512-skM/gzNX4shPkqmdTCSoHtJAPMTtmIJNS0hE+xwTTUVYwezArCT34NMermABmBVUg5Ls5aiUXEDXfqwR1oVkcA=="],

    "@tanstack/react-query": ["@tanstack/react-query@5.66.9", "", { "dependencies": { "@tanstack/query-core": "5.66.4" }, "peerDependencies": { "react": "^18 || ^19" } }, "sha512-NRI02PHJsP5y2gAuWKP+awamTIBFBSKMnO6UVzi03GTclmHHHInH5UzVgzi5tpu4+FmGfsdT7Umqegobtsp23A=="],

    "@trpc/client": ["@trpc/client@11.0.0-rc.795", "", { "peerDependencies": { "@trpc/server": "11.0.0-rc.795+394b0f5cc", "typescript": ">=5.7.2" } }, "sha512-t4KCvYr/jI5pmdD0zO5cukarVLN58g1PwV5Lsm5WJyR4TZuIUqIyQZVSm7uM2abBabOSv39P8myK9nFc5yPFdg=="],

    "@trpc/react-query": ["@trpc/react-query@11.0.0-rc.795", "", { "peerDependencies": { "@tanstack/react-query": "^5.62.8", "@trpc/client": "11.0.0-rc.795+394b0f5cc", "@trpc/server": "11.0.0-rc.795+394b0f5cc", "react": ">=18.2.0", "react-dom": ">=18.2.0", "typescript": ">=5.7.2" } }, "sha512-gcXeCRYeWNULqCCboWVvpsz3A2/hocB4gp/zr7V4aErzhMu5XtG4qsDWk0OOFsyVCrfwmFFun4kHt2DgJGPDEg=="],

    "@trpc/server": ["@trpc/server@11.0.0-rc.795", "", { "peerDependencies": { "typescript": ">=5.7.2" } }, "sha512-rJ5TdCGN4cOb7eSf3zXbWqGMA1XZabtmBOojbNiru2ZujuHGJDmWyKzv/GI2a/j/C/VhUmVU6NRKeLFg3NVERA=="],

    "@trpc/tanstack-react-query": ["@trpc/tanstack-react-query@11.0.0-rc.795", "", { "peerDependencies": { "@tanstack/react-query": "^5.62.8", "@trpc/client": "11.0.0-rc.795+394b0f5cc", "@trpc/server": "11.0.0-rc.795+394b0f5cc", "react": ">=18.2.0", "react-dom": ">=18.2.0", "typescript": ">=5.7.2" } }, "sha512-SGe+e8Ws3zPUS3NlOdvHQObwgk83w/9+oXZvFCJ7wIU+1N4hfGJv3s+/3feDBlQoCUaLPgwaobzLS63qgvA9dA=="],

    "@types/node": ["@types/node@22.13.4", "", { "dependencies": { "undici-types": "~6.20.0" } }, "sha512-ywP2X0DYtX3y08eFVx5fNIw7/uIv8hYUKgXoK8oayJlLnKcRfEYCxWMVE1XagUdVtCJlZT1AU4LXEABW+L1Peg=="],

    "@types/react": ["@types/react@19.0.10", "", { "dependencies": { "csstype": "^3.0.2" } }, "sha512-JuRQ9KXLEjaUNjTWpzuR231Z2WpIwczOkBEIvbHNCzQefFIT0L8IqE6NV6ULLyC1SI/i234JnDoMkfg+RjQj2g=="],

    "@types/react-dom": ["@types/react-dom@19.0.4", "", { "peerDependencies": { "@types/react": "^19.0.0" } }, "sha512-4fSQ8vWFkg+TGhePfUzVmat3eC14TXYSsiiDSLI0dVLsrm9gZFABjPy/Qu6TKgl1tq1Bu1yDsuQgY3A3DOjCcg=="],

    "@types/ws": ["@types/ws@8.5.14", "", { "dependencies": { "@types/node": "*" } }, "sha512-bd/YFLW+URhBzMXurx7lWByOu+xzU9+kb3RboOteXYDfW+tr+JZa99OyNmPINEGB/ahzKrEuc8rcv4gnpJmxTw=="],

    "bun-types": ["bun-types@1.2.3-canary.20250221T140617", "", { "dependencies": { "@types/node": "*", "@types/ws": "~8.5.10" } }, "sha512-noAaAm0PX1Qp0zt7gyLFtDTWkr9qKGMopQR9b0HBtdBKcAjpfQSGK1YZ+1/kQ5KP+bD2Vy+WmTimbB7xkb7O6w=="],

    "csstype": ["csstype@3.1.3", "", {}, "sha512-M1uQkMl8rQK/szD0LNhtqxIPLpimGm8sOBwU7lLnCpSbTyY3yeU1Vc7l4KT5zT4s/yOxHH5O7tIuuLOCnLADRw=="],

    "react": ["react@19.0.0", "", {}, "sha512-V8AVnmPIICiWpGfm6GLzCR/W5FXLchHop40W4nXBmdlEceh16rCN8O8LNWm5bh5XUX91fh7KpA+W0TgMKmgTpQ=="],

    "react-dom": ["react-dom@19.0.0", "", { "dependencies": { "scheduler": "^0.25.0" }, "peerDependencies": { "react": "^19.0.0" } }, "sha512-4GV5sHFG0e/0AD4X+ySy6UJd3jVl1iNsNHdpad0qhABJ11twS3TTBnseqsKurKcsNqCEFeGL3uLpVChpIO3QfQ=="],

    "scheduler": ["scheduler@0.25.0", "", {}, "sha512-xFVuu11jh+xcO7JOAGJNOXld8/TcEHK/4CituBUeUb5hqxJLj9YuemAEuvm9gQ/+pgXYfbQuqAkiYu+u7YEsNA=="],

    "typescript": ["typescript@5.7.3", "", { "bin": { "tsc": "bin/tsc", "tsserver": "bin/tsserver" } }, "sha512-84MVSjMEHP+FQRPy3pX9sTVV/INIex71s9TL2Gm5FG/WG1SqXeKyZ0k7/blY/4FdOzI12CBy1vGc4og/eus0fw=="],

    "undici-types": ["undici-types@6.20.0", "", {}, "sha512-Ny6QZ2Nju20vw1SRHe3d9jVu6gJ+4e3+MMpqu7pqE5HT6WsTSlce++GQmK5UXS8mzV8DSYHrQH+Xrf2jVcuKNg=="],
  }
}
