{
  "lockfileVersion": 1,
  "workspaces": {
    "": {
      "name": "trpc-examples",
      "dependencies": {
        "@tanstack/react-query": "5.72.0",
        "@trpc/client": "^11.1.0",
        "@trpc/react-query": "^11.1.0",
        "@trpc/server": "^11.1.0",
        "@trpc/tanstack-react-query": "^11.1.0",
        "react": "^19.1.0",
        "react-dom": "^19.1.0",
        "zod": "^3.24.2",
      },
      "devDependencies": {
        "@types/react": "^19.0.10",
        "@types/react-dom": "^19.0.4",
        "bun-types": "canary",
        "typescript": "5.8.3",
      },
    },
  },
  "packages": {
    "@tanstack/query-core": ["@tanstack/query-core@5.72.0", "", {}, "sha512-aa3p6Mou++JLLxxxVX9AB9uGeRIGc0JWkw96GASXuMG8K3D+JpYbSFcqXbkGFJ1eX2jKHPurmCBoO43RjjXJCA=="],

    "@tanstack/react-query": ["@tanstack/react-query@5.72.0", "", { "dependencies": { "@tanstack/query-core": "5.72.0" }, "peerDependencies": { "react": "^18 || ^19" } }, "sha512-4Dejq/IiXrPlr/0xxj4H2GbC6KckwfTCoHWbd02+UoIV0laC9yke0d0KegmFdXJA712I6UCuy8WpPM76uuPJ+w=="],

    "@trpc/client": ["@trpc/client@11.1.0", "", { "peerDependencies": { "@trpc/server": "11.1.0", "typescript": ">=5.7.2" } }, "sha512-Q3pL4p7AddxI/ZJTEFo1utKSdasDFjZPECIPsKDkthEt52k530JkYVltTdLkYFKrNWXKKBo8MN7NwchelczoRw=="],

    "@trpc/react-query": ["@trpc/react-query@11.1.0", "", { "peerDependencies": { "@tanstack/react-query": "^5.67.1", "@trpc/client": "11.1.0", "@trpc/server": "11.1.0", "react": ">=18.2.0", "react-dom": ">=18.2.0", "typescript": ">=5.7.2" } }, "sha512-qdqKdFM8hVy/YSBCg1/3VO+IgB6Nbul3Fk1SA3lefGf0bkYZdWVVyKab8HBAfOWlMsuRufhVLPdKYmnjzBrK9g=="],

    "@trpc/server": ["@trpc/server@11.1.0", "", { "peerDependencies": { "typescript": ">=5.7.2" } }, "sha512-uAJ7ikejeujVkf53XFJ/0W8nr7bDjul+Szk5Rsepq97Hb/WS1RkRXdyX4KqAyCE9b1vDFCJVJwSxiIZdRtbTZQ=="],

    "@trpc/tanstack-react-query": ["@trpc/tanstack-react-query@11.1.0", "", { "peerDependencies": { "@tanstack/react-query": "^5.67.1", "@trpc/client": "11.1.0", "@trpc/server": "11.1.0", "react": ">=18.2.0", "react-dom": ">=18.2.0", "typescript": ">=5.7.2" } }, "sha512-BRK5QWKAVHqvDyqjnGYp+53sgb5xE3MB1+fxrBKylVR1lFEeFQvUHwwY3Dtr/Pcq0mmxALytCsBVEGTiQCHnEw=="],

    "@types/node": ["@types/node@22.13.4", "", { "dependencies": { "undici-types": "~6.20.0" } }, "sha512-ywP2X0DYtX3y08eFVx5fNIw7/uIv8hYUKgXoK8oayJlLnKcRfEYCxWMVE1XagUdVtCJlZT1AU4LXEABW+L1Peg=="],

    "@types/react": ["@types/react@19.0.10", "", { "dependencies": { "csstype": "^3.0.2" } }, "sha512-JuRQ9KXLEjaUNjTWpzuR231Z2WpIwczOkBEIvbHNCzQefFIT0L8IqE6NV6ULLyC1SI/i234JnDoMkfg+RjQj2g=="],

    "@types/react-dom": ["@types/react-dom@19.0.4", "", { "peerDependencies": { "@types/react": "^19.0.0" } }, "sha512-4fSQ8vWFkg+TGhePfUzVmat3eC14TXYSsiiDSLI0dVLsrm9gZFABjPy/Qu6TKgl1tq1Bu1yDsuQgY3A3DOjCcg=="],

    "@types/ws": ["@types/ws@8.5.14", "", { "dependencies": { "@types/node": "*" } }, "sha512-bd/YFLW+URhBzMXurx7lWByOu+xzU9+kb3RboOteXYDfW+tr+JZa99OyNmPINEGB/ahzKrEuc8rcv4gnpJmxTw=="],

    "bun-types": ["bun-types@1.2.3-canary.20250221T140617", "", { "dependencies": { "@types/node": "*", "@types/ws": "~8.5.10" } }, "sha512-noAaAm0PX1Qp0zt7gyLFtDTWkr9qKGMopQR9b0HBtdBKcAjpfQSGK1YZ+1/kQ5KP+bD2Vy+WmTimbB7xkb7O6w=="],

    "csstype": ["csstype@3.1.3", "", {}, "sha512-M1uQkMl8rQK/szD0LNhtqxIPLpimGm8sOBwU7lLnCpSbTyY3yeU1Vc7l4KT5zT4s/yOxHH5O7tIuuLOCnLADRw=="],

    "react": ["react@19.1.0", "", {}, "sha512-FS+XFBNvn3GTAWq26joslQgWNoFu08F4kl0J4CgdNKADkdSGXQyTCnKteIAJy96Br6YbpEU1LSzV5dYtjMkMDg=="],

    "react-dom": ["react-dom@19.1.0", "", { "dependencies": { "scheduler": "^0.26.0" }, "peerDependencies": { "react": "^19.1.0" } }, "sha512-Xs1hdnE+DyKgeHJeJznQmYMIBG3TKIHJJT95Q58nHLSrElKlGQqDTR2HQ9fx5CN/Gk6Vh/kupBTDLU11/nDk/g=="],

    "scheduler": ["scheduler@0.26.0", "", {}, "sha512-NlHwttCI/l5gCPR3D1nNXtWABUmBwvZpEQiD4IXSbIDq8BzLIK/7Ir5gTFSGZDUu37K5cMNp0hFtzO38sC7gWA=="],

    "typescript": ["typescript@5.8.3", "", { "bin": { "tsc": "bin/tsc", "tsserver": "bin/tsserver" } }, "sha512-p1diW6TqL9L07nNxvRMM7hMMw4c5XOo/1ibL4aAIGmSAt9slTE1Xgw5KWuof2uTOvCg9BY7ZRi+GaF+7sfgPeQ=="],

    "undici-types": ["undici-types@6.20.0", "", {}, "sha512-Ny6QZ2Nju20vw1SRHe3d9jVu6gJ+4e3+MMpqu7pqE5HT6WsTSlce++GQmK5UXS8mzV8DSYHrQH+Xrf2jVcuKNg=="],

    "zod": ["zod@3.24.2", "", {}, "sha512-lY7CDW43ECgW9u1TcT3IoXHflywfVqDYze4waEz812jR/bZ8FHDsl7pFQoSZTz5N+2NqRXs8GBwnAwo3ZNxqhQ=="],
  }
}
